
Microsoft Visual Studio Solution File, Format Version 12.00
# Visual Studio 15
Project("{FAE04EC0-301F-11D3-BF4B-00C04F79EFBC}") = "Assembly-CSharp", "Assembly-CSharp.csproj", "{C6BAC42D-6EB4-86A9-348E-755FC30E640F}"
EndProject
Project("{FAE04EC0-301F-11D3-BF4B-00C04F79EFBC}") = "ToonyColorsPro.Editor", "ToonyColorsPro.Editor.csproj", "{C228CACA-07DF-E5E2-5FFA-78238EDE28DB}"
EndProject
Project("{FAE04EC0-301F-11D3-BF4B-00C04F79EFBC}") = "ToonyColorsPro2.Demo", "ToonyColorsPro2.Demo.csproj", "{95BC08CE-AF02-B757-B995-9ABB2224F179}"
EndProject
Project("{FAE04EC0-301F-11D3-BF4B-00C04F79EFBC}") = "ToonyColorsPro.Demo.Editor", "ToonyColorsPro.Demo.Editor.csproj", "{84F4638F-8831-098C-F3A5-848A82E99383}"
EndProject
Project("{FAE04EC0-301F-11D3-BF4B-00C04F79EFBC}") = "ToonyColorsPro.Runtime", "ToonyColorsPro.Runtime.csproj", "{4BD04949-C3E8-30D0-AE2E-86AEA7D87A11}"
EndProject
Global
	GlobalSection(SolutionConfigurationPlatforms) = preSolution
		Debug|Any CPU = Debug|Any CPU
		Release|Any CPU = Release|Any CPU
	EndGlobalSection
	GlobalSection(ProjectConfigurationPlatforms) = postSolution
		{C6BAC42D-6EB4-86A9-348E-755FC30E640F}.Debug|Any CPU.ActiveCfg = Debug|Any CPU
		{C6BAC42D-6EB4-86A9-348E-755FC30E640F}.Debug|Any CPU.Build.0 = Debug|Any CPU
		{C6BAC42D-6EB4-86A9-348E-755FC30E640F}.Release|Any CPU.ActiveCfg = Release|Any CPU
		{C6BAC42D-6EB4-86A9-348E-755FC30E640F}.Release|Any CPU.Build.0 = Release|Any CPU
		{C228CACA-07DF-E5E2-5FFA-78238EDE28DB}.Debug|Any CPU.ActiveCfg = Debug|Any CPU
		{C228CACA-07DF-E5E2-5FFA-78238EDE28DB}.Debug|Any CPU.Build.0 = Debug|Any CPU
		{C228CACA-07DF-E5E2-5FFA-78238EDE28DB}.Release|Any CPU.ActiveCfg = Release|Any CPU
		{C228CACA-07DF-E5E2-5FFA-78238EDE28DB}.Release|Any CPU.Build.0 = Release|Any CPU
		{95BC08CE-AF02-B757-B995-9ABB2224F179}.Debug|Any CPU.ActiveCfg = Debug|Any CPU
		{95BC08CE-AF02-B757-B995-9ABB2224F179}.Debug|Any CPU.Build.0 = Debug|Any CPU
		{95BC08CE-AF02-B757-B995-9ABB2224F179}.Release|Any CPU.ActiveCfg = Release|Any CPU
		{95BC08CE-AF02-B757-B995-9ABB2224F179}.Release|Any CPU.Build.0 = Release|Any CPU
		{84F4638F-8831-098C-F3A5-848A82E99383}.Debug|Any CPU.ActiveCfg = Debug|Any CPU
		{84F4638F-8831-098C-F3A5-848A82E99383}.Debug|Any CPU.Build.0 = Debug|Any CPU
		{84F4638F-8831-098C-F3A5-848A82E99383}.Release|Any CPU.ActiveCfg = Release|Any CPU
		{84F4638F-8831-098C-F3A5-848A82E99383}.Release|Any CPU.Build.0 = Release|Any CPU
		{4BD04949-C3E8-30D0-AE2E-86AEA7D87A11}.Debug|Any CPU.ActiveCfg = Debug|Any CPU
		{4BD04949-C3E8-30D0-AE2E-86AEA7D87A11}.Debug|Any CPU.Build.0 = Debug|Any CPU
		{4BD04949-C3E8-30D0-AE2E-86AEA7D87A11}.Release|Any CPU.ActiveCfg = Release|Any CPU
		{4BD04949-C3E8-30D0-AE2E-86AEA7D87A11}.Release|Any CPU.Build.0 = Release|Any CPU
	EndGlobalSection
	GlobalSection(SolutionProperties) = preSolution
		HideSolutionNode = FALSE
	EndGlobalSection
EndGlobal
